// !$*UTF8*$!
{
	archiveVersion = 1;
	classes = {
	};
	objectVersion = 56;
	objects = {

/* Begin PBXBuildFile section */
		5770F4D72B54B5B2003EC78A /* TouchdownApp.swift in Sources */ = {isa = PBXBuildFile; fileRef = 5770F4D62B54B5B2003EC78A /* TouchdownApp.swift */; };
		5770F4D92B54B5B2003EC78A /* ContentView.swift in Sources */ = {isa = PBXBuildFile; fileRef = 5770F4D82B54B5B2003EC78A /* ContentView.swift */; };
		5770F4DB2B54B5B4003EC78A /* Assets.xcassets in Resources */ = {isa = PBXBuildFile; fileRef = 5770F4DA2B54B5B4003EC78A /* Assets.xcassets */; };
		5770F4DE2B54B5B4003EC78A /* Preview Assets.xcassets in Resources */ = {isa = PBXBuildFile; fileRef = 5770F4DD2B54B5B4003EC78A /* Preview Assets.xcassets */; };
		5770F4E82B54B5B5003EC78A /* TouchdownTests.swift in Sources */ = {isa = PBXBuildFile; fileRef = 5770F4E72B54B5B5003EC78A /* TouchdownTests.swift */; };
		5770F4F22B54B5B5003EC78A /* TouchdownUITests.swift in Sources */ = {isa = PBXBuildFile; fileRef = 5770F4F12B54B5B5003EC78A /* TouchdownUITests.swift */; };
		5770F4F42B54B5B5003EC78A /* TouchdownUITestsLaunchTests.swift in Sources */ = {isa = PBXBuildFile; fileRef = 5770F4F32B54B5B5003EC78A /* TouchdownUITestsLaunchTests.swift */; };
/* End PBXBuildFile section */

/* Begin PBXContainerItemProxy section */
		5770F4E42B54B5B5003EC78A /* PBXContainerItemProxy */ = {
			isa = PBXContainerItemProxy;
			containerPortal = 5770F4CB2B54B5B2003EC78A /* Project object */;
			proxyType = 1;
			remoteGlobalIDString = 5770F4D22B54B5B2003EC78A;
			remoteInfo = Touchdown;
		};
		5770F4EE2B54B5B5003EC78A /* PBXContainerItemProxy */ = {
			isa = PBXContainerItemProxy;
			containerPortal = 5770F4CB2B54B5B2003EC78A /* Project object */;
			proxyType = 1;
			remoteGlobalIDString = 5770F4D22B54B5B2003EC78A;
			remoteInfo = Touchdown;
		};
/* End PBXContainerItemProxy section */

/* Begin PBXFileReference section */
		5770F4D32B54B5B2003EC78A /* Touchdown.app */ = {isa = PBXFileReference; explicitFileType = wrapper.application; includeInIndex = 0; path = Touchdown.app; sourceTree = BUILT_PRODUCTS_DIR; };
		5770F4D62B54B5B2003EC78A /* TouchdownApp.swift */ = {isa = PBXFileReference; lastKnownFileType = sourcecode.swift; path = TouchdownApp.swift; sourceTree = "<group>"; };
		5770F4D82B54B5B2003EC78A /* ContentView.swift */ = {isa = PBXFileReference; lastKnownFileType = sourcecode.swift; path = ContentView.swift; sourceTree = "<group>"; };
		5770F4DA2B54B5B4003EC78A /* Assets.xcassets */ = {isa = PBXFileReference; lastKnownFileType = folder.assetcatalog; path = Assets.xcassets; sourceTree = "<group>"; };
		5770F4DD2B54B5B4003EC78A /* Preview Assets.xcassets */ = {isa = PBXFileReference; lastKnownFileType = folder.assetcatalog; path = "Preview Assets.xcassets"; sourceTree = "<group>"; };
		5770F4E32B54B5B5003EC78A /* TouchdownTests.xctest */ = {isa = PBXFileReference; explicitFileType = wrapper.cfbundle; includeInIndex = 0; path = TouchdownTests.xctest; sourceTree = BUILT_PRODUCTS_DIR; };
		5770F4E72B54B5B5003EC78A /* TouchdownTests.swift */ = {isa = PBXFileReference; lastKnownFileType = sourcecode.swift; path = TouchdownTests.swift; sourceTree = "<group>"; };
		5770F4ED2B54B5B5003EC78A /* TouchdownUITests.xctest */ = {isa = PBXFileReference; explicitFileType = wrapper.cfbundle; includeInIndex = 0; path = TouchdownUITests.xctest; sourceTree = BUILT_PRODUCTS_DIR; };
		5770F4F12B54B5B5003EC78A /* TouchdownUITests.swift */ = {isa = PBXFileReference; lastKnownFileType = sourcecode.swift; path = TouchdownUITests.swift; sourceTree = "<group>"; };
		5770F4F32B54B5B5003EC78A /* TouchdownUITestsLaunchTests.swift */ = {isa = PBXFileReference; lastKnownFileType = sourcecode.swift; path = TouchdownUITestsLaunchTests.swift; sourceTree = "<group>"; };
/* End PBXFileReference section */

/* Begin PBXFrameworksBuildPhase section */
		5770F4D02B54B5B2003EC78A /* Frameworks */ = {
			isa = PBXFrameworksBuildPhase;
			buildActionMask = 2147483647;
			files = (
			);
			runOnlyForDeploymentPostprocessing = 0;
		};
		5770F4E02B54B5B5003EC78A /* Frameworks */ = {
			isa = PBXFrameworksBuildPhase;
			buildActionMask = 2147483647;
			files = (
			);
			runOnlyForDeploymentPostprocessing = 0;
		};
		5770F4EA2B54B5B5003EC78A /* Frameworks */ = {
			isa = PBXFrameworksBuildPhase;
			buildActionMask = 2147483647;
			files = (
			);
			runOnlyForDeploymentPostprocessing = 0;
		};
/* End PBXFrameworksBuildPhase section */

/* Begin PBXGroup section */
		5770F4CA2B54B5B2003EC78A = {
			isa = PBXGroup;
			children = (
				5770F4D52B54B5B2003EC78A /* Touchdown */,
				5770F4E62B54B5B5003EC78A /* TouchdownTests */,
				5770F4F02B54B5B5003EC78A /* TouchdownUITests */,
				5770F4D42B54B5B2003EC78A /* Products */,
			);
			sourceTree = "<group>";
		};
		5770F4D42B54B5B2003EC78A /* Products */ = {
			isa = PBXGroup;
			children = (
				5770F4D32B54B5B2003EC78A /* Touchdown.app */,
				5770F4E32B54B5B5003EC78A /* TouchdownTests.xctest */,
				5770F4ED2B54B5B5003EC78A /* TouchdownUITests.xctest */,
			);
			name = Products;
			sourceTree = "<group>";
		};
		5770F4D52B54B5B2003EC78A /* Touchdown */ = {
			isa = PBXGroup;
			children = (
				5770F4D62B54B5B2003EC78A /* TouchdownApp.swift */,
				5770F4D82B54B5B2003EC78A /* ContentView.swift */,
				5770F4DA2B54B5B4003EC78A /* Assets.xcassets */,
				5770F4DC2B54B5B4003EC78A /* Preview Content */,
			);
			path = Touchdown;
			sourceTree = "<group>";
		};
		5770F4DC2B54B5B4003EC78A /* Preview Content */ = {
			isa = PBXGroup;
			children = (
				5770F4DD2B54B5B4003EC78A /* Preview Assets.xcassets */,
			);
			path = "Preview Content";
			sourceTree = "<group>";
		};
		5770F4E62B54B5B5003EC78A /* TouchdownTests */ = {
			isa = PBXGroup;
			children = (
				5770F4E72B54B5B5003EC78A /* TouchdownTests.swift */,
			);
			path = TouchdownTests;
			sourceTree = "<group>";
		};
		5770F4F02B54B5B5003EC78A /* TouchdownUITests */ = {
			isa = PBXGroup;
			children = (
				5770F4F12B54B5B5003EC78A /* TouchdownUITests.swift */,
				5770F4F32B54B5B5003EC78A /* TouchdownUITestsLaunchTests.swift */,
			);
			path = TouchdownUITests;
			sourceTree = "<group>";
		};
/* End PBXGroup section */

/* Begin PBXNativeTarget section */
		5770F4D22B54B5B2003EC78A /* Touchdown */ = {
			isa = PBXNativeTarget;
			buildConfigurationList = 5770F4F72B54B5B5003EC78A /* Build configuration list for PBXNativeTarget "Touchdown" */;
			buildPhases = (
				5770F4CF2B54B5B2003EC78A /* Sources */,
				5770F4D02B54B5B2003EC78A /* Frameworks */,
				5770F4D12B54B5B2003EC78A /* Resources */,
			);
			buildRules = (
			);
			dependencies = (
			);
			name = Touchdown;
			productName = Touchdown;
			productReference = 5770F4D32B54B5B2003EC78A /* Touchdown.app */;
			productType = "com.apple.product-type.application";
		};
		5770F4E22B54B5B5003EC78A /* TouchdownTests */ = {
			isa = PBXNativeTarget;
			buildConfigurationList = 5770F4FA2B54B5B5003EC78A /* Build configuration list for PBXNativeTarget "TouchdownTests" */;
			buildPhases = (
				5770F4DF2B54B5B5003EC78A /* Sources */,
				5770F4E02B54B5B5003EC78A /* Frameworks */,
				5770F4E12B54B5B5003EC78A /* Resources */,
			);
			buildRules = (
			);
			dependencies = (
				5770F4E52B54B5B5003EC78A /* PBXTargetDependency */,
			);
			name = TouchdownTests;
			productName = TouchdownTests;
			productReference = 5770F4E32B54B5B5003EC78A /* TouchdownTests.xctest */;
			productType = "com.apple.product-type.bundle.unit-test";
		};
		5770F4EC2B54B5B5003EC78A /* TouchdownUITests */ = {
			isa = PBXNativeTarget;
			buildConfigurationList = 5770F4FD2B54B5B5003EC78A /* Build configuration list for PBXNativeTarget "TouchdownUITests" */;
			buildPhases = (
				5770F4E92B54B5B5003EC78A /* Sources */,
				5770F4EA2B54B5B5003EC78A /* Frameworks */,
				5770F4EB2B54B5B5003EC78A /* Resources */,
			);
			buildRules = (
			);
			dependencies = (
				5770F4EF2B54B5B5003EC78A /* PBXTargetDependency */,
			);
			name = TouchdownUITests;
			productName = TouchdownUITests;
			productReference = 5770F4ED2B54B5B5003EC78A /* TouchdownUITests.xctest */;
			productType = "com.apple.product-type.bundle.ui-testing";
		};
/* End PBXNativeTarget section */

/* Begin PBXProject section */
		5770F4CB2B54B5B2003EC78A /* Project object */ = {
			isa = PBXProject;
			attributes = {
				BuildIndependentTargetsInParallel = 1;
				LastSwiftUpdateCheck = 1520;
				LastUpgradeCheck = 1520;
				TargetAttributes = {
					5770F4D22B54B5B2003EC78A = {
						CreatedOnToolsVersion = 15.2;
					};
					5770F4E22B54B5B5003EC78A = {
						CreatedOnToolsVersion = 15.2;
						TestTargetID = 5770F4D22B54B5B2003EC78A;
					};
					5770F4EC2B54B5B5003EC78A = {
						CreatedOnToolsVersion = 15.2;
						TestTargetID = 5770F4D22B54B5B2003EC78A;
					};
				};
			};
			buildConfigurationList = 5770F4CE2B54B5B2003EC78A /* Build configuration list for PBXProject "Touchdown" */;
			compatibilityVersion = "Xcode 14.0";
			developmentRegion = en;
			hasScannedForEncodings = 0;
			knownRegions = (
				en,
				Base,
			);
			mainGroup = 5770F4CA2B54B5B2003EC78A;
			productRefGroup = 5770F4D42B54B5B2003EC78A /* Products */;
			projectDirPath = "";
			projectRoot = "";
			targets = (
				5770F4D22B54B5B2003EC78A /* Touchdown */,
				5770F4E22B54B5B5003EC78A /* TouchdownTests */,
				5770F4EC2B54B5B5003EC78A /* TouchdownUITests */,
			);
		};
/* End PBXProject section */

/* Begin PBXResourcesBuildPhase section */
		5770F4D12B54B5B2003EC78A /* Resources */ = {
			isa = PBXResourcesBuildPhase;
			buildActionMask = 2147483647;
			files = (
				5770F4DE2B54B5B4003EC78A /* Preview Assets.xcassets in Resources */,
				5770F4DB2B54B5B4003EC78A /* Assets.xcassets in Resources */,
			);
			runOnlyForDeploymentPostprocessing = 0;
		};
		5770F4E12B54B5B5003EC78A /* Resources */ = {
			isa = PBXResourcesBuildPhase;
			buildActionMask = 2147483647;
			files = (
			);
			runOnlyForDeploymentPostprocessing = 0;
		};
		5770F4EB2B54B5B5003EC78A /* Resources */ = {
			isa = PBXResourcesBuildPhase;
			buildActionMask = 2147483647;
			files = (
			);
			runOnlyForDeploymentPostprocessing = 0;
		};
/* End PBXResourcesBuildPhase section */

/* Begin PBXSourcesBuildPhase section */
		5770F4CF2B54B5B2003EC78A /* Sources */ = {
			isa = PBXSourcesBuildPhase;
			buildActionMask = 2147483647;
			files = (
				5770F4D92B54B5B2003EC78A /* ContentView.swift in Sources */,
				5770F4D72B54B5B2003EC78A /* TouchdownApp.swift in Sources */,
			);
			runOnlyForDeploymentPostprocessing = 0;
		};
		5770F4DF2B54B5B5003EC78A /* Sources */ = {
			isa = PBXSourcesBuildPhase;
			buildActionMask = 2147483647;
			files = (
				5770F4E82B54B5B5003EC78A /* TouchdownTests.swift in Sources */,
			);
			runOnlyForDeploymentPostprocessing = 0;
		};
		5770F4E92B54B5B5003EC78A /* Sources */ = {
			isa = PBXSourcesBuildPhase;
			buildActionMask = 2147483647;
			files = (
				5770F4F42B54B5B5003EC78A /* TouchdownUITestsLaunchTests.swift in Sources */,
				5770F4F22B54B5B5003EC78A /* TouchdownUITests.swift in Sources */,
			);
			runOnlyForDeploymentPostprocessing = 0;
		};
/* End PBXSourcesBuildPhase section */

/* Begin PBXTargetDependency section */
		5770F4E52B54B5B5003EC78A /* PBXTargetDependency */ = {
			isa = PBXTargetDependency;
			target = 5770F4D22B54B5B2003EC78A /* Touchdown */;
			targetProxy = 5770F4E42B54B5B5003EC78A /* PBXContainerItemProxy */;
		};
		5770F4EF2B54B5B5003EC78A /* PBXTargetDependency */ = {
			isa = PBXTargetDependency;
			target = 5770F4D22B54B5B2003EC78A /* Touchdown */;
			targetProxy = 5770F4EE2B54B5B5003EC78A /* PBXContainerItemProxy */;
		};
/* End PBXTargetDependency section */

/* Begin XCBuildConfiguration section */
		5770F4F52B54B5B5003EC78A /* Debug */ = {
			isa = XCBuildConfiguration;
			buildSettings = {
				ALWAYS_SEARCH_USER_PATHS = NO;
				ASSETCATALOG_COMPILER_GENERATE_SWIFT_ASSET_SYMBOL_EXTENSIONS = YES;
				CLANG_ANALYZER_NONNULL = YES;
				CLANG_ANALYZER_NUMBER_OBJECT_CONVERSION = YES_AGGRESSIVE;
				CLANG_CXX_LANGUAGE_STANDARD = "gnu++20";
				CLANG_ENABLE_MODULES = YES;
				CLANG_ENABLE_OBJC_ARC = YES;
				CLANG_ENABLE_OBJC_WEAK = YES;
				CLANG_WARN_BLOCK_CAPTURE_AUTORELEASING = YES;
				CLANG_WARN_BOOL_CONVERSION = YES;
				CLANG_WARN_COMMA = YES;
				CLANG_WARN_CONSTANT_CONVERSION = YES;
				CLANG_WARN_DEPRECATED_OBJC_IMPLEMENTATIONS = YES;
				CLANG_WARN_DIRECT_OBJC_ISA_USAGE = YES_ERROR;
				CLANG_WARN_DOCUMENTATION_COMMENTS = YES;
				CLANG_WARN_EMPTY_BODY = YES;
				CLANG_WARN_ENUM_CONVERSION = YES;
				CLANG_WARN_INFINITE_RECURSION = YES;
				CLANG_WARN_INT_CONVERSION = YES;
				CLANG_WARN_NON_LITERAL_NULL_CONVERSION = YES;
				CLANG_WARN_OBJC_IMPLICIT_RETAIN_SELF = YES;
				CLANG_WARN_OBJC_LITERAL_CONVERSION = YES;
				CLANG_WARN_OBJC_ROOT_CLASS = YES_ERROR;
				CLANG_WARN_QUOTED_INCLUDE_IN_FRAMEWORK_HEADER = YES;
				CLANG_WARN_RANGE_LOOP_ANALYSIS = YES;
				CLANG_WARN_STRICT_PROTOTYPES = YES;
				CLANG_WARN_SUSPICIOUS_MOVE = YES;
				CLANG_WARN_UNGUARDED_AVAILABILITY = YES_AGGRESSIVE;
				CLANG_WARN_UNREACHABLE_CODE = YES;
				CLANG_WARN__DUPLICATE_METHOD_MATCH = YES;
				COPY_PHASE_STRIP = NO;
				DEBUG_INFORMATION_FORMAT = dwarf;
				ENABLE_STRICT_OBJC_MSGSEND = YES;
				ENABLE_TESTABILITY = YES;
				ENABLE_USER_SCRIPT_SANDBOXING = YES;
				GCC_C_LANGUAGE_STANDARD = gnu17;
				GCC_DYNAMIC_NO_PIC = NO;
				GCC_NO_COMMON_BLOCKS = YES;
				GCC_OPTIMIZATION_LEVEL = 0;
				GCC_PREPROCESSOR_DEFINITIONS = (
					"DEBUG=1",
					"$(inherited)",
				);
				GCC_WARN_64_TO_32_BIT_CONVERSION = YES;
				GCC_WARN_ABOUT_RETURN_TYPE = YES_ERROR;
				GCC_WARN_UNDECLARED_SELECTOR = YES;
				GCC_WARN_UNINITIALIZED_AUTOS = YES_AGGRESSIVE;
				GCC_WARN_UNUSED_FUNCTION = YES;
				GCC_WARN_UNUSED_VARIABLE = YES;
				IPHONEOS_DEPLOYMENT_TARGET = 17.2;
				LOCALIZATION_PREFERS_STRING_CATALOGS = YES;
				MTL_ENABLE_DEBUG_INFO = INCLUDE_SOURCE;
				MTL_FAST_MATH = YES;
				ONLY_ACTIVE_ARCH = YES;
				SDKROOT = iphoneos;
				SWIFT_ACTIVE_COMPILATION_CONDITIONS = "DEBUG $(inherited)";
				SWIFT_OPTIMIZATION_LEVEL = "-Onone";
			};
			name = Debug;
		};
		5770F4F62B54B5B5003EC78A /* Release */ = {
			isa = XCBuildConfiguration;
			buildSettings = {
				ALWAYS_SEARCH_USER_PATHS = NO;
				ASSETCATALOG_COMPILER_GENERATE_SWIFT_ASSET_SYMBOL_EXTENSIONS = YES;
				CLANG_ANALYZER_NONNULL = YES;
				CLANG_ANALYZER_NUMBER_OBJECT_CONVERSION = YES_AGGRESSIVE;
				CLANG_CXX_LANGUAGE_STANDARD = "gnu++20";
				CLANG_ENABLE_MODULES = YES;
				CLANG_ENABLE_OBJC_ARC = YES;
				CLANG_ENABLE_OBJC_WEAK = YES;
				CLANG_WARN_BLOCK_CAPTURE_AUTORELEASING = YES;
				CLANG_WARN_BOOL_CONVERSION = YES;
				CLANG_WARN_COMMA = YES;
				CLANG_WARN_CONSTANT_CONVERSION = YES;
				CLANG_WARN_DEPRECATED_OBJC_IMPLEMENTATIONS = YES;
				CLANG_WARN_DIRECT_OBJC_ISA_USAGE = YES_ERROR;
				CLANG_WARN_DOCUMENTATION_COMMENTS = YES;
				CLANG_WARN_EMPTY_BODY = YES;
				CLANG_WARN_ENUM_CONVERSION = YES;
				CLANG_WARN_INFINITE_RECURSION = YES;
				CLANG_WARN_INT_CONVERSION = YES;
				CLANG_WARN_NON_LITERAL_NULL_CONVERSION = YES;
				CLANG_WARN_OBJC_IMPLICIT_RETAIN_SELF = YES;
				CLANG_WARN_OBJC_LITERAL_CONVERSION = YES;
				CLANG_WARN_OBJC_ROOT_CLASS = YES_ERROR;
				CLANG_WARN_QUOTED_INCLUDE_IN_FRAMEWORK_HEADER = YES;
				CLANG_WARN_RANGE_LOOP_ANALYSIS = YES;
				CLANG_WARN_STRICT_PROTOTYPES = YES;
				CLANG_WARN_SUSPICIOUS_MOVE = YES;
				CLANG_WARN_UNGUARDED_AVAILABILITY = YES_AGGRESSIVE;
				CLANG_WARN_UNREACHABLE_CODE = YES;
				CLANG_WARN__DUPLICATE_METHOD_MATCH = YES;
				COPY_PHASE_STRIP = NO;
				DEBUG_INFORMATION_FORMAT = "dwarf-with-dsym";
				ENABLE_NS_ASSERTIONS = NO;
				ENABLE_STRICT_OBJC_MSGSEND = YES;
				ENABLE_USER_SCRIPT_SANDBOXING = YES;
				GCC_C_LANGUAGE_STANDARD = gnu17;
				GCC_NO_COMMON_BLOCKS = YES;
				GCC_WARN_64_TO_32_BIT_CONVERSION = YES;
				GCC_WARN_ABOUT_RETURN_TYPE = YES_ERROR;
				GCC_WARN_UNDECLARED_SELECTOR = YES;
				GCC_WARN_UNINITIALIZED_AUTOS = YES_AGGRESSIVE;
				GCC_WARN_UNUSED_FUNCTION = YES;
				GCC_WARN_UNUSED_VARIABLE = YES;
				IPHONEOS_DEPLOYMENT_TARGET = 17.2;
				LOCALIZATION_PREFERS_STRING_CATALOGS = YES;
				MTL_ENABLE_DEBUG_INFO = NO;
				MTL_FAST_MATH = YES;
				SDKROOT = iphoneos;
				SWIFT_COMPILATION_MODE = wholemodule;
				VALIDATE_PRODUCT = YES;
			};
			name = Release;
		};
		5770F4F82B54B5B5003EC78A /* Debug */ = {
			isa = XCBuildConfiguration;
			buildSettings = {
				ASSETCATALOG_COMPILER_APPICON_NAME = AppIcon;
				ASSETCATALOG_COMPILER_GLOBAL_ACCENT_COLOR_NAME = AccentColor;
				CODE_SIGN_STYLE = Automatic;
				CURRENT_PROJECT_VERSION = 1;
				DEVELOPMENT_ASSET_PATHS = "\"Touchdown/Preview Content\"";
				DEVELOPMENT_TEAM = 7836G5VAH4;
				ENABLE_PREVIEWS = YES;
				GENERATE_INFOPLIST_FILE = YES;
				INFOPLIST_KEY_UIApplicationSceneManifest_Generation = YES;
				INFOPLIST_KEY_UIApplicationSupportsIndirectInputEvents = YES;
				INFOPLIST_KEY_UILaunchScreen_Generation = YES;
				INFOPLIST_KEY_UISupportedInterfaceOrientations_iPad = "UIInterfaceOrientationPortrait UIInterfaceOrientationPortraitUpsideDown UIInterfaceOrientationLandscapeLeft UIInterfaceOrientationLandscapeRight";
				INFOPLIST_KEY_UISupportedInterfaceOrientations_iPhone = "UIInterfaceOrientationPortrait UIInterfaceOrientationLandscapeLeft UIInterfaceOrientationLandscapeRight";
				LD_RUNPATH_SEARCH_PATHS = (
					"$(inherited)",
					"@executable_path/Frameworks",
				);
				MARKETING_VERSION = 1.0;
				PRODUCT_BUNDLE_IDENTIFIER = com.trytech.Touchdown;
				PRODUCT_NAME = "$(TARGET_NAME)";
				SWIFT_EMIT_LOC_STRINGS = YES;
				SWIFT_VERSION = 5.0;
				TARGETED_DEVICE_FAMILY = "1,2";
			};
			name = Debug;
		};
		5770F4F92B54B5B5003EC78A /* Release */ = {
			isa = XCBuildConfiguration;
			buildSettings = {
				ASSETCATALOG_COMPILER_APPICON_NAME = AppIcon;
				ASSETCATALOG_COMPILER_GLOBAL_ACCENT_COLOR_NAME = AccentColor;
				CODE_SIGN_STYLE = Automatic;
				CURRENT_PROJECT_VERSION = 1;
				DEVELOPMENT_ASSET_PATHS = "\"Touchdown/Preview Content\"";
				DEVELOPMENT_TEAM = 7836G5VAH4;
				ENABLE_PREVIEWS = YES;
				GENERATE_INFOPLIST_FILE = YES;
				INFOPLIST_KEY_UIApplicationSceneManifest_Generation = YES;
				INFOPLIST_KEY_UIApplicationSupportsIndirectInputEvents = YES;
				INFOPLIST_KEY_UILaunchScreen_Generation = YES;
				INFOPLIST_KEY_UISupportedInterfaceOrientations_iPad = "UIInterfaceOrientationPortrait UIInterfaceOrientationPortraitUpsideDown UIInterfaceOrientationLandscapeLeft UIInterfaceOrientationLandscapeRight";
				INFOPLIST_KEY_UISupportedInterfaceOrientations_iPhone = "UIInterfaceOrientationPortrait UIInterfaceOrientationLandscapeLeft UIInterfaceOrientationLandscapeRight";
				LD_RUNPATH_SEARCH_PATHS = (
					"$(inherited)",
					"@executable_path/Frameworks",
				);
				MARKETING_VERSION = 1.0;
				PRODUCT_BUNDLE_IDENTIFIER = com.trytech.Touchdown;
				PRODUCT_NAME = "$(TARGET_NAME)";
				SWIFT_EMIT_LOC_STRINGS = YES;
				SWIFT_VERSION = 5.0;
				TARGETED_DEVICE_FAMILY = "1,2";
			};
			name = Release;
		};
		5770F4FB2B54B5B5003EC78A /* Debug */ = {
			isa = XCBuildConfiguration;
			buildSettings = {
				ALWAYS_EMBED_SWIFT_STANDARD_LIBRARIES = YES;
				BUNDLE_LOADER = "$(TEST_HOST)";
				CODE_SIGN_STYLE = Automatic;
				CURRENT_PROJECT_VERSION = 1;
				DEVELOPMENT_TEAM = 7836G5VAH4;
				GENERATE_INFOPLIST_FILE = YES;
				IPHONEOS_DEPLOYMENT_TARGET = 17.2;
				MARKETING_VERSION = 1.0;
				PRODUCT_BUNDLE_IDENTIFIER = com.trytech.TouchdownTests;
				PRODUCT_NAME = "$(TARGET_NAME)";
				SWIFT_EMIT_LOC_STRINGS = NO;
				SWIFT_VERSION = 5.0;
				TARGETED_DEVICE_FAMILY = "1,2";
				TEST_HOST = "$(BUILT_PRODUCTS_DIR)/Touchdown.app/$(BUNDLE_EXECUTABLE_FOLDER_PATH)/Touchdown";
			};
			name = Debug;
		};
		5770F4FC2B54B5B5003EC78A /* Release */ = {
			isa = XCBuildConfiguration;
			buildSettings = {
				ALWAYS_EMBED_SWIFT_STANDARD_LIBRARIES = YES;
				BUNDLE_LOADER = "$(TEST_HOST)";
				CODE_SIGN_STYLE = Automatic;
				CURRENT_PROJECT_VERSION = 1;
				DEVELOPMENT_TEAM = 7836G5VAH4;
				GENERATE_INFOPLIST_FILE = YES;
				IPHONEOS_DEPLOYMENT_TARGET = 17.2;
				MARKETING_VERSION = 1.0;
				PRODUCT_BUNDLE_IDENTIFIER = com.trytech.TouchdownTests;
				PRODUCT_NAME = "$(TARGET_NAME)";
				SWIFT_EMIT_LOC_STRINGS = NO;
				SWIFT_VERSION = 5.0;
				TARGETED_DEVICE_FAMILY = "1,2";
				TEST_HOST = "$(BUILT_PRODUCTS_DIR)/Touchdown.app/$(BUNDLE_EXECUTABLE_FOLDER_PATH)/Touchdown";
			};
			name = Release;
		};
		5770F4FE2B54B5B5003EC78A /* Debug */ = {
			isa = XCBuildConfiguration;
			buildSettings = {
				ALWAYS_EMBED_SWIFT_STANDARD_LIBRARIES = YES;
				CODE_SIGN_STYLE = Automatic;
				CURRENT_PROJECT_VERSION = 1;
				DEVELOPMENT_TEAM = 7836G5VAH4;
				GENERATE_INFOPLIST_FILE = YES;
				MARKETING_VERSION = 1.0;
				PRODUCT_BUNDLE_IDENTIFIER = com.trytech.TouchdownUITests;
				PRODUCT_NAME = "$(TARGET_NAME)";
				SWIFT_EMIT_LOC_STRINGS = NO;
				SWIFT_VERSION = 5.0;
				TARGETED_DEVICE_FAMILY = "1,2";
				TEST_TARGET_NAME = Touchdown;
			};
			name = Debug;
		};
		5770F4FF2B54B5B5003EC78A /* Release */ = {
			isa = XCBuildConfiguration;
			buildSettings = {
				ALWAYS_EMBED_SWIFT_STANDARD_LIBRARIES = YES;
				CODE_SIGN_STYLE = Automatic;
				CURRENT_PROJECT_VERSION = 1;
				DEVELOPMENT_TEAM = 7836G5VAH4;
				GENERATE_INFOPLIST_FILE = YES;
				MARKETING_VERSION = 1.0;
				PRODUCT_BUNDLE_IDENTIFIER = com.trytech.TouchdownUITests;
				PRODUCT_NAME = "$(TARGET_NAME)";
				SWIFT_EMIT_LOC_STRINGS = NO;
				SWIFT_VERSION = 5.0;
				TARGETED_DEVICE_FAMILY = "1,2";
				TEST_TARGET_NAME = Touchdown;
			};
			name = Release;
		};
/* End XCBuildConfiguration section */

/* Begin XCConfigurationList section */
		5770F4CE2B54B5B2003EC78A /* Build configuration list for PBXProject "Touchdown" */ = {
			isa = XCConfigurationList;
			buildConfigurations = (
				5770F4F52B54B5B5003EC78A /* Debug */,
				5770F4F62B54B5B5003EC78A /* Release */,
			);
			defaultConfigurationIsVisible = 0;
			defaultConfigurationName = Release;
		};
		5770F4F72B54B5B5003EC78A /* Build configuration list for PBXNativeTarget "Touchdown" */ = {
			isa = XCConfigurationList;
			buildConfigurations = (
				5770F4F82B54B5B5003EC78A /* Debug */,
				5770F4F92B54B5B5003EC78A /* Release */,
			);
			defaultConfigurationIsVisible = 0;
			defaultConfigurationName = Release;
		};
		5770F4FA2B54B5B5003EC78A /* Build configuration list for PBXNativeTarget "TouchdownTests" */ = {
			isa = XCConfigurationList;
			buildConfigurations = (
				5770F4FB2B54B5B5003EC78A /* Debug */,
				5770F4FC2B54B5B5003EC78A /* Release */,
			);
			defaultConfigurationIsVisible = 0;
			defaultConfigurationName = Release;
		};
		5770F4FD2B54B5B5003EC78A /* Build configuration list for PBXNativeTarget "TouchdownUITests" */ = {
			isa = XCConfigurationList;
			buildConfigurations = (
				5770F4FE2B54B5B5003EC78A /* Debug */,
				5770F4FF2B54B5B5003EC78A /* Release */,
			);
			defaultConfigurationIsVisible = 0;
			defaultConfigurationName = Release;
		};
/* End XCConfigurationList section */
	};
	rootObject = 5770F4CB2B54B5B2003EC78A /* Project object */;
}
